
Microsoft Visual Studio Solution File, Format Version 12.00
# Visual Studio Version 17
VisualStudioVersion = 17.1.32328.378
MinimumVisualStudioVersion = 10.0.40219.1
Project("{FAE04EC0-301F-11D3-BF4B-00C04F79EFBC}") = "Copilot Demo", "Copilot Demo\Copilot Demo.csproj", "{D8ACAE39-AF4A-4CBD-9C7F-B1B47E7DC906}"
EndProject
Global
	GlobalSection(SolutionConfigurationPlatforms) = preSolution
		Debug|Any CPU = Debug|Any CPU
		Release|Any CPU = Release|Any CPU
	EndGlobalSection
	GlobalSection(ProjectConfigurationPlatforms) = postSolution
		{D8ACAE39-AF4A-4CBD-9C7F-B1B47E7DC906}.Debug|Any CPU.ActiveCfg = Debug|Any CPU
		{D8ACAE39-AF4A-4CBD-9C7F-B1B47E7DC906}.Debug|Any CPU.Build.0 = Debug|Any CPU
		{D8ACAE39-AF4A-4CBD-9C7F-B1B47E7DC906}.Release|Any CPU.ActiveCfg = Release|Any CPU
		{D8ACAE39-AF4A-4CBD-9C7F-B1B47E7DC906}.Release|Any CPU.Build.0 = Release|Any CPU
	EndGlobalSection
	GlobalSection(SolutionProperties) = preSolution
		HideSolutionNode = FALSE
	EndGlobalSection
	GlobalSection(ExtensibilityGlobals) = postSolution
		SolutionGuid = {9F789292-A7A7-4635-8A7C-82DD844630F0}
	EndGlobalSection
EndGlobal
